
Microsoft Visual Studio Solution File, Format Version 12.00
# Visual Studio Version 16
VisualStudioVersion = 16.0.31702.278
MinimumVisualStudioVersion = 10.0.40219.1
Project("{FAE04EC0-301F-11D3-BF4B-00C04F79EFBC}") = "ShopASP", "ShopASP\ShopASP.csproj", "{D3762578-0ADA-4336-84BB-51D28AC5F53C}"
EndProject
Global
	GlobalSection(SolutionConfigurationPlatforms) = preSolution
		Debug|Any CPU = Debug|Any CPU
		Release|Any CPU = Release|Any CPU
	EndGlobalSection
	GlobalSection(ProjectConfigurationPlatforms) = postSolution
		{D3762578-0ADA-4336-84BB-51D28AC5F53C}.Debug|Any CPU.ActiveCfg = Debug|Any CPU
		{D3762578-0ADA-4336-84BB-51D28AC5F53C}.Debug|Any CPU.Build.0 = Debug|Any CPU
		{D3762578-0ADA-4336-84BB-51D28AC5F53C}.Release|Any CPU.ActiveCfg = Release|Any CPU
		{D3762578-0ADA-4336-84BB-51D28AC5F53C}.Release|Any CPU.Build.0 = Release|Any CPU
	EndGlobalSection
	GlobalSection(SolutionProperties) = preSolution
		HideSolutionNode = FALSE
	EndGlobalSection
	GlobalSection(ExtensibilityGlobals) = postSolution
		SolutionGuid = {2FC65618-5FBF-4733-85C0-08542877C491}
	EndGlobalSection
EndGlobal
